
Microsoft Visual Studio Solution File, Format Version 12.00
# Visual Studio Version 17
VisualStudioVersion = 17.10.34928.147
MinimumVisualStudioVersion = 10.0.40219.1
Project("{FAE04EC0-301F-11D3-BF4B-00C04F79EFBC}") = "AIRseats", "AIRseats\AIRseats.csproj", "{F5206AF5-DBB8-4D94-BA86-FC590B669CAE}"
EndProject
Global
	GlobalSection(SolutionConfigurationPlatforms) = preSolution
		Debug|Any CPU = Debug|Any CPU
		Release|Any CPU = Release|Any CPU
	EndGlobalSection
	GlobalSection(ProjectConfigurationPlatforms) = postSolution
		{F5206AF5-DBB8-4D94-BA86-FC590B669CAE}.Debug|Any CPU.ActiveCfg = Debug|Any CPU
		{F5206AF5-DBB8-4D94-BA86-FC590B669CAE}.Debug|Any CPU.Build.0 = Debug|Any CPU
		{F5206AF5-DBB8-4D94-BA86-FC590B669CAE}.Release|Any CPU.ActiveCfg = Release|Any CPU
		{F5206AF5-DBB8-4D94-BA86-FC590B669CAE}.Release|Any CPU.Build.0 = Release|Any CPU
	EndGlobalSection
	GlobalSection(SolutionProperties) = preSolution
		HideSolutionNode = FALSE
	EndGlobalSection
	GlobalSection(ExtensibilityGlobals) = postSolution
		SolutionGuid = {66520F15-642B-4E5B-9E7A-669F13FC2B06}
	EndGlobalSection
EndGlobal
